dependencies:
- name: client-extensions
  repository: file://libcharts/client-extensions
  version: 0.1.0
- name: db-mariadb
  repository: file://libcharts/db-mariadb
  version: 0.1.0
- name: db-postgres
  repository: file://libcharts/db-postgres
  version: 0.1.0
- name: liferay-dxp
  repository: file://libcharts/liferay-dxp
  version: 0.1.0
- name: mailhog
  repository: file://libcharts/mailhog
  version: 0.1.0
- name: search-elastic
  repository: file://libcharts/search-elastic
  version: 0.1.0
digest: sha256:e60378bfdbf59cb1282ef0357c6cf2f2732f5d0b4d8a74ba1113014c686e14e1
generated: "2025-11-24T17:04:14.1328987+01:00"
